
Microsoft Visual Studio Solution File, Format Version 12.00
# Visual Studio Version 16
VisualStudioVersion = 16.0.29613.14
MinimumVisualStudioVersion = 10.0.40219.1
Project("{FAE04EC0-301F-11D3-BF4B-00C04F79EFBC}") = "AppTesoros", "AppTesoros\AppTesoros.csproj", "{8F70E72F-9CDC-405F-8D8E-5A01E56ABB66}"
EndProject
Global
	GlobalSection(SolutionConfigurationPlatforms) = preSolution
		Debug|Any CPU = Debug|Any CPU
		Release|Any CPU = Release|Any CPU
	EndGlobalSection
	GlobalSection(ProjectConfigurationPlatforms) = postSolution
		{8F70E72F-9CDC-405F-8D8E-5A01E56ABB66}.Debug|Any CPU.ActiveCfg = Debug|Any CPU
		{8F70E72F-9CDC-405F-8D8E-5A01E56ABB66}.Debug|Any CPU.Build.0 = Debug|Any CPU
		{8F70E72F-9CDC-405F-8D8E-5A01E56ABB66}.Release|Any CPU.ActiveCfg = Release|Any CPU
		{8F70E72F-9CDC-405F-8D8E-5A01E56ABB66}.Release|Any CPU.Build.0 = Release|Any CPU
	EndGlobalSection
	GlobalSection(SolutionProperties) = preSolution
		HideSolutionNode = FALSE
	EndGlobalSection
	GlobalSection(ExtensibilityGlobals) = postSolution
		SolutionGuid = {814F348F-691F-4E32-938C-C9E3509313CF}
	EndGlobalSection
EndGlobal
